lockfileVersion: '9.0'

settings:
  autoInstallPeers: true
  excludeLinksFromLockfile: false

importers:

  .:
    dependencies:
      amberbase:
        specifier: 0.1.0-beta.1
        version: 0.1.0-beta.1
      express:
        specifier: ^5.2.1
        version: 5.2.1
      express-rate-limit:
        specifier: ^8.6.1
        version: 8.6.1(express@5.2.1)
    devDependencies:
      '@types/cookie-parser':
        specifier: ^1.4.10
        version: 1.4.10(@types/express@5.0.6)
      '@types/express':
        specifier: ^5.0.6
        version: 5.0.6
      '@types/ws':
        specifier: ^8.18.1
        version: 8.18.1
      oxlint:
        specifier: ^1.76.0
        version: 1.76.0(oxlint-tsgolint@7.0.2001)
      oxlint-tsgolint:
        specifier: ^7.0.2001
        version: 7.0.2001
      typescript:
        specifier: ^6.0.3
        version: 6.0.3

packages:

  '@oxlint-tsgolint/darwin-arm64@7.0.2001':
    resolution: {integrity: sha512-CUJEdbSZ54+Xy9OXqOhWLTKZKV0BBiV7C2i/ygyVmXtkUNXx5YCzN8DpSSshTAKktoL7S+tnQ/ftFG/i7X896w==}
    cpu: [arm64]
    os: [darwin]

  '@oxlint-tsgolint/darwin-x64@7.0.2001':
    resolution: {integrity: sha512-pXfBb5BqONCcgrXQNUZWXgiYmRSWJzd97S8i41VVOh6ut0tyo+cJ5FKFpczDHxiVNfj/3e7c9B4MtztNdpIVCw==}
    cpu: [x64]
    os: [darwin]

  '@oxlint-tsgolint/linux-arm64@7.0.2001':
    resolution: {integrity: sha512-roP7zujb/QDPzDwEKsFFpzNHHy91/Y7oX9vQXk78ekyZtcQj1QXDIMH33gjDdHBfRl4K9pZ36xhRgrP4Zr+R8A==}
    cpu: [arm64]
    os: [linux]

  '@oxlint-tsgolint/linux-x64@7.0.2001':
    resolution: {integrity: sha512-UDezNqdECVmngu2TPnjaS1YoAmcTaBoI5lV9vk3VahBxoi+I5r9k3iJTT7qZoYWOXTD/7T7bNcwRgrocR6BscQ==}
    cpu: [x64]
    os: [linux]

  '@oxlint-tsgolint/win32-arm64@7.0.2001':
    resolution: {integrity: sha512-uJZhqB6pdXLuN+AD1F5082byyQti/NPmJA77GtcFlmT2HzRelqbNls3SaIqxpjdFgvSBF9g0yOKGBkGFg7kX8Q==}
    cpu: [arm64]
    os: [win32]

  '@oxlint-tsgolint/win32-x64@7.0.2001':
    resolution: {integrity: sha512-FkDRm8hx9OwzGQqyWG1tO5QrTLRApff9DzSgpz9QZau37BR8d1VYKOxMLGf6shPZntJFoTwIIJYT68VndYDCog==}
    cpu: [x64]
    os: [win32]

  '@oxlint/binding-android-arm-eabi@1.76.0':
    resolution: {integrity: sha512-ZHIE5Zt9AsPDcY4nOlofXt0YfneEeo+QrKMPcPzLf2Z6Q8VtV2W73d7SFJ920WUwyik783u/doKCs3KXdwG+7w==}
    engines: {node: ^20.19.0 || >=22.12.0}
    cpu: [arm]
    os: [android]

  '@oxlint/binding-android-arm64@1.76.0':
    resolution: {integrity: sha512-shm/ngQilHK6bs+ElJWa4oHfNj5vL1Gl/iVEJldTQjpr0/67oSgr0KUpbmcnLig5Fo0v/l6j2567A7TOL89ONA==}
    engines: {node: ^20.19.0 || >=22.12.0}
    cpu: [arm64]
    os: [android]

  '@oxlint/binding-darwin-arm64@1.76.0':
    resolution: {integrity: sha512-rvJmrAPKSQ9aWJ6wIS6CK2tJjwzfW0ApQH9qokq6sfDvmHwoyIHxHFMq7z7i7GiV6fdE6s8qvBqWKPTu8RmT6Q==}
    engines: {node: ^20.19.0 || >=22.12.0}
    cpu: [arm64]
    os: [darwin]

  '@oxlint/binding-darwin-x64@1.76.0':
    resolution: {integrity: sha512-U/zYdb7VYKGY6pA9Vd2rYl9O/HlCylcOlb5PGPvVLtg+oLGsk6H3XGKEMHKyqD3nmmtmlmwb/8SwU2vfSAtvMw==}
    engines: {node: ^20.19.0 || >=22.12.0}
    cpu: [x64]
    os: [darwin]

  '@oxlint/binding-freebsd-x64@1.76.0':
    resolution: {integrity: sha512-WvKG9CAriuo0XNiFzpXjDngUZcRGFNpaK2kLyMUsnJlShxkT96u+BpJQ3KqdQwGOrvI14L6V8bAwXwAYNNY6Jg==}
    engines: {node: ^20.19.0 || >=22.12.0}
    cpu: [x64]
    os: [freebsd]

  '@oxlint/binding-linux-arm-gnueabihf@1.76.0':
    resolution: {integrity: sha512-qJ5+RH99TqFRq3UCDxkW0zJJu9c+OAHFY72vGlxZLEpuO+MpKo3POgqb8sYipL9KYm8XY6ofb0HsOuvY6hQNqQ==}
    engines: {node: ^20.19.0 || >=22.12.0}
    cpu: [arm]
    os: [linux]

  '@oxlint/binding-linux-arm-musleabihf@1.76.0':
    resolution: {integrity: sha512-PvPCVptkgVARsucgIqFQQcSmJ6xc6GtnVB5bRBekRahTc9eObMtjHfMjy5M+C2tHt5UCMttWM9RuSk/H9NqYeg==}
    engines: {node: ^20.19.0 || >=22.12.0}
    cpu: [arm]
    os: [linux]

  '@oxlint/binding-linux-arm64-gnu@1.76.0':
    resolution: {integrity: sha512-3KeFDx8Bu4HPAXbuHZOr/oHvN+QT+JQhMw/NYPz7Z071xLSsG27Jfh9PIQVEY7hk1I+jr43ExqRIeJ6VKk2yLw==}
    engines: {node: ^20.19.0 || >=22.12.0}
    cpu: [arm64]
    os: [linux]
    libc: [glibc]

  '@oxlint/binding-linux-arm64-musl@1.76.0':
    resolution: {integrity: sha512-oPFkkKTgl0K/EIg9fQ8oA3IGcI05/Mq1en04iFa41mmNPT+6KEiByVazTOZZJiHMBBrbsns1YJ2e1Scqwzesjw==}
    engines: {node: ^20.19.0 || >=22.12.0}
    cpu: [arm64]
    os: [linux]
    libc: [musl]

  '@oxlint/binding-linux-ppc64-gnu@1.76.0':
    resolution: {integrity: sha512-gN7yZ0eqflA5Fhf1wvHxGUltIV3FsvmB1zhNMDEK9vSHhc7E6qg9CuPeBgPZab66Tjzq6w6kHAtNEvnTHf4cyw==}
    engines: {node: ^20.19.0 || >=22.12.0}
    cpu: [ppc64]
    os: [linux]
    libc: [glibc]

  '@oxlint/binding-linux-riscv64-gnu@1.76.0':
    resolution: {integrity: sha512-S/HqMbn22mQrjtErUxEoS/a55u8kIeXvreIxiJu5G7Le3UecEd6SQZxrDIpuhtgaFnsY/nVra3ytP+pRljDilA==}
    engines: {node: ^20.19.0 || >=22.12.0}
    cpu: [riscv64]
    os: [linux]
    libc: [glibc]

  '@oxlint/binding-linux-riscv64-musl@1.76.0':
    resolution: {integrity: sha512-ZIga3097VJZolGZk6SrIAUokIGfRkxRlhiHDUznZptGBfwrhD7pNfD1rzEzsCwvk/1DX0A1bLz+liuNh5QKIVQ==}
    engines: {node: ^20.19.0 || >=22.12.0}
    cpu: [riscv64]
    os: [linux]
    libc: [musl]

  '@oxlint/binding-linux-s390x-gnu@1.76.0':
    resolution: {integrity: sha512-ZGiiA7pFzMJSyMWYZTVlPgbTsx+Vl8ihLGMIujPwaslUF7kIPPWAbVmAlTc+9lWDV+DCiB8Ikixu+lSHeOIIWQ==}
    engines: {node: ^20.19.0 || >=22.12.0}
    cpu: [s390x]
    os: [linux]
    libc: [glibc]

  '@oxlint/binding-linux-x64-gnu@1.76.0':
    resolution: {integrity: sha512-JLiy5WuvEBFTT6ErIFV35SLzi0R7Iri6MKU6dZbTxfIx8pndbbPs3Mj780nMipBFcPkti+okAPOJ9POKkHFEgg==}
    engines: {node: ^20.19.0 || >=22.12.0}
    cpu: [x64]
    os: [linux]
    libc: [glibc]

  '@oxlint/binding-linux-x64-musl@1.76.0':
    resolution: {integrity: sha512-z7lgKQtbo/I1NIe8G5NHLesxJDv0tRSUWTpXKb9Pm3E9nKFKfO4IOSDtFroKgXtOYb0jQbcdH+0wzTyMXVes+A==}
    engines: {node: ^20.19.0 || >=22.12.0}
    cpu: [x64]
    os: [linux]
    libc: [musl]

  '@oxlint/binding-openharmony-arm64@1.76.0':
    resolution: {integrity: sha512-JOjKymIpb9QcYfEhZsN6h4V9Ivd474W38cNIBRv6bg2TbIvogbMTH0Mg6YWW9TiRDqfcX+/Hyfsbo5vcSE5guQ==}
    engines: {node: ^20.19.0 || >=22.12.0}
    cpu: [arm64]
    os: [openharmony]

  '@oxlint/binding-win32-arm64-msvc@1.76.0':
    resolution: {integrity: sha512-pqDWZiwcmByWUEm1NFUBNiT6aentCcaoMWJv0HbXEmuYermJ4sg8ppVrshubYP2MZ6SHccJJcpr6x469PuDFIw==}
    engines: {node: ^20.19.0 || >=22.12.0}
    cpu: [arm64]
    os: [win32]

  '@oxlint/binding-win32-ia32-msvc@1.76.0':
    resolution: {integrity: sha512-Ba0O659kgMv6pwO3z9PdO+K3aMxQRaw9HnG+e6AtOfgwcKFvYilciQYBoUBmxfQvOCKZe1SwjMkuB542NkuDMQ==}
    engines: {node: ^20.19.0 || >=22.12.0}
    cpu: [ia32]
    os: [win32]

  '@oxlint/binding-win32-x64-msvc@1.76.0':
    resolution: {integrity: sha512-5qcirPHO8nKfkoowEVWtpAoVTcYDy6g0UT0NGic450Qv8J2NrOqg4uQ8QppRP4MDTC7Xx47lbZnmadTH03CGGA==}
    engines: {node: ^20.19.0 || >=22.12.0}
    cpu: [x64]
    os: [win32]

  '@types/body-parser@1.19.6':
    resolution: {integrity: sha512-HLFeCYgz89uk22N5Qg3dvGvsv46B8GLvKKo1zKG4NybA8U2DiEO3w9lqGg29t/tfLRJpJ6iQxnVw4OnB7MoM9g==}

  '@types/connect@3.4.38':
    resolution: {integrity: sha512-K6uROf1LD88uDQqJCktA4yzL1YYAK6NgfsI0v/mTgyPKWsX1CnJ0XPSDhViejru1GcRkLWb8RlzFYJRqGUbaug==}

  '@types/cookie-parser@1.4.10':
    resolution: {integrity: sha512-B4xqkqfZ8Wek+rCOeRxsjMS9OgvzebEzzLYw7NHYuvzb7IdxOkI0ZHGgeEBX4PUM7QGVvNSK60T3OvWj3YfBRg==}
    peerDependencies:
      '@types/express': '*'

  '@types/express-serve-static-core@5.1.3':
    resolution: {integrity: sha512-dPfW8NFiOF4wOHc7+N/QSxlY9cfSsenewGbAz8C8U/MULPd/YZ27LvJUIlzaXie7e6Ove9YunJGgC9tbHD2cKw==}

  '@types/express@5.0.6':
    resolution: {integrity: sha512-sKYVuV7Sv9fbPIt/442koC7+IIwK5olP1KWeD88e/idgoJqDm3JV/YUiPwkoKK92ylff2MGxSz1CSjsXelx0YA==}

  '@types/geojson@7946.0.16':
    resolution: {integrity: sha512-6C8nqWur3j98U6+lXDfTUWIfgvZU+EumvpHKcYjujKH7woYyLj2sUmff0tRhrqM7BohUw7Pz3ZB1jj2gW9Fvmg==}

  '@types/http-errors@2.0.5':
    resolution: {integrity: sha512-r8Tayk8HJnX0FztbZN7oVqGccWgw98T/0neJphO91KkmOzug1KkofZURD4UaD5uH8AqcFLfdPErnBod0u71/qg==}

  '@types/node@26.1.2':
    resolution: {integrity: sha512-Vu4a5UFA9rIIFJ7rB/Vaafh9lrCQszopTCx6KjFboXTGQbPNasehVR5TEiithSDGyd1DEiUByggTZsg8jukeIg==}

  '@types/qs@6.15.1':
    resolution: {integrity: sha512-GZHUBZR9hckSUhrxmp1nG6NwdpM9fCunJwyThLW1X3AyHgd9IlHb6VANpQQqDr2o/qQp6McZ3y/IA2rVzKzSbw==}

  '@types/range-parser@1.2.7':
    resolution: {integrity: sha512-hKormJbkJqzQGhziax5PItDUTMAM9uE2XXQmM37dyd4hVM+5aVl7oVxMVUiVQn2oCQFN/LKCZdvSM0pFRqbSmQ==}

  '@types/send@1.2.1':
    resolution: {integrity: sha512-arsCikDvlU99zl1g69TcAB3mzZPpxgw0UQnaHeC1Nwb015xp8bknZv5rIfri9xTOcMuaVgvabfIRA7PSZVuZIQ==}

  '@types/serve-static@2.2.0':
    resolution: {integrity: sha512-8mam4H1NHLtu7nmtalF7eyBH14QyOASmcxHhSfEoRyr0nP/YdoesEtU+uSRvMe96TW/HPTtkoKqQLl53N7UXMQ==}

  '@types/ws@8.18.1':
    resolution: {integrity: sha512-ThVF6DCVhA8kUGy+aazFQ4kXQ7E1Ty7A3ypFOe0IcJV8O/M511G99AW24irKrW56Wt44yG9+ij8FaqoBGkuBXg==}

  accepts@1.3.8:
    resolution: {integrity: sha512-PYAthTa2m2VKxuvSD3DPC/Gy+U+sOA1LAuT8mkmRuvw+NACSaeXEQ+NHcVF7rONl6qcaxV3Uuemwawk+7+SJLw==}
    engines: {node: '>= 0.6'}

  accepts@2.0.0:
    resolution: {integrity: sha512-5cvg6CtKwfgdmVqY1WIiXKc3Q1bkRqGLi+2W/6ao+6Y7gu/RCwRuAhGEzh5B4KlszSuTLgZYuqFqo5bImjNKng==}
    engines: {node: '>= 0.6'}

  amberbase@0.1.0-beta.1:
    resolution: {integrity: sha512-6CI3zWTmaLSxsRegCOBi1SvBUAVfBmbn8PT7IGsDFhV2PCcuue7Y9MmR2lk4WxQoTc/4+K7Dr75uZ4237Hb2rQ==}

  array-flatten@1.1.1:
    resolution: {integrity: sha512-PCVAQswWemu6UdxsDFFX/+gVeYqKAod3D3UVm91jHwynguOwAvYPhx8nNlM++NqRcK6CxxpUafjmhIdKiHibqg==}

  body-parser@1.20.6:
    resolution: {integrity: sha512-p5tAzS57i5MV9fZFDj9LeIiTZEufbSe2eDozP+ElheSUq1m74CRq1jI4mYNDdVs9vQztXFLuk/Gd6BWTdwRJ5g==}
    engines: {node: '>= 0.8', npm: 1.2.8000 || >= 1.4.16}

  body-parser@2.3.0:
    resolution: {integrity: sha512-2cGmJupaNgg+QUwVLAucDuWuoMZ6EX9iHDRswZ5lsNYEmwPaRknMPCLZz07yTzVq/83p4o/wzbDZbBrTvGGTIw==}
    engines: {node: '>=18'}

  bytes@3.1.2:
    resolution: {integrity: sha512-/Nf7TyzTx6S3yRJObOAV7956r8cr2+Oj8AC5dt8wSP3BQAoeX58NoHyCU8P8zGkNXStjTSi6fzO6F0pBdcYbEg==}
    engines: {node: '>= 0.8'}

  call-bind-apply-helpers@1.0.2:
    resolution: {integrity: sha512-Sp1ablJ0ivDkSzjcaJdxEunN5/XvksFJ2sMBFfq6x0ryhQV/2b/KwFe21cMpmHtPOSij8K99/wSfoEuTObmuMQ==}
    engines: {node: '>= 0.4'}

  call-bound@1.0.4:
    resolution: {integrity: sha512-+ys997U96po4Kx/ABpBCqhA9EuxJaQWDQg7295H4hBphv3IZg0boBKuwYpt4YXp6MZ5AmZQnU/tyMTlRpaSejg==}
    engines: {node: '>= 0.4'}

  content-disposition@0.5.4:
    resolution: {integrity: sha512-FveZTNuGw04cxlAiWbzi6zTAL/lhehaWbTtgluJh4/E95DqMwTmha3KZN1aAWA8cFIhHzMZUvLevkw5Rqk+tSQ==}
    engines: {node: '>= 0.6'}

  content-disposition@1.1.0:
    resolution: {integrity: sha512-5jRCH9Z/+DRP7rkvY83B+yGIGX96OYdJmzngqnw2SBSxqCFPd0w2km3s5iawpGX8krnwSGmF0FW5Nhr0Hfai3g==}
    engines: {node: '>=18'}

  content-type@1.0.5:
    resolution: {integrity: sha512-nTjqfcBFEipKdXCv4YDQWCfmcLZKm81ldF0pAopTvyrFGVbcR6P/VAAd5G7N+0tTr8QqiU0tFadD6FK4NtJwOA==}
    engines: {node: '>= 0.6'}

  content-type@2.0.0:
    resolution: {integrity: sha512-j/O/d7GcZCyNl7/hwZAb606rzqkyvaDctLmckbxLzHvFBzTJHuGEdodATcP3yIRoDrLHkIATJuvzbFlp/ki2cQ==}
    engines: {node: '>=18'}

  cookie-parser@1.4.7:
    resolution: {integrity: sha512-nGUvgXnotP3BsjiLX2ypbQnWoGUPIIfHQNZkkC668ntrzGWEZVW70HDEB1qnNGMicPje6EttlIgzo51YSwNQGw==}
    engines: {node: '>= 0.8.0'}

  cookie-signature@1.0.6:
    resolution: {integrity: sha512-QADzlaHc8icV8I7vbaJXJwod9HWYp8uCqf1xa4OfNu1T7JVxQIrUgOWtHdNDtPiywmFbiS12VjotIXLrKM3orQ==}

  cookie-signature@1.0.7:
    resolution: {integrity: sha512-NXdYc3dLr47pBkpUCHtKSwIOQXLVn8dZEuywboCOJY/osA0wFSLlSawr3KN8qXJEyX66FcONTH8EIlVuK0yyFA==}

  cookie-signature@1.2.2:
    resolution: {integrity: sha512-D76uU73ulSXrD1UXF4KE2TMxVVwhsnCgfAyTg9k8P6KGZjlXKrOLe4dJQKI3Bxi5wjesZoFXJWElNWBjPZMbhg==}
    engines: {node: '>=6.6.0'}

  cookie@0.7.2:
    resolution: {integrity: sha512-yki5XnKuf750l50uGTllt6kKILY4nQ1eNIQatoXEByZ5dWgnKqbnqmTrBE5B4N7lrMJKQ2ytWMiTO2o0v6Ew/w==}
    engines: {node: '>= 0.6'}

  debug@2.6.9:
    resolution: {integrity: sha512-bC7ElrdJaJnPbAP+1EotYvqZsb3ecl5wi6Bfi6BJTUcNowp6cvspg0jXznRTKDjm/E7AdgFBVeAPVMNcKGsHMA==}
    peerDependencies:
      supports-color: '*'
    peerDependenciesMeta:
      supports-color:
        optional: true

  debug@4.4.3:
    resolution: {integrity: sha512-RGwwWnwQvkVfavKVt22FGLw+xYSdzARwm0ru6DhTVA3umU5hZc28V3kO4stgYryrTlLpuvgI9GiijltAjNbcqA==}
    engines: {node: '>=6.0'}
    peerDependencies:
      supports-color: '*'
    peerDependenciesMeta:
      supports-color:
        optional: true

  denque@2.1.0:
    resolution: {integrity: sha512-HVQE3AAb/pxF8fQAoiqpvg9i3evqug3hoiwakOyZAwJm+6vZehbkYXZ0l4JxS+I3QxM97v5aaRNhj8v5oBhekw==}
    engines: {node: '>=0.10'}

  depd@2.0.0:
    resolution: {integrity: sha512-g7nH6P6dyDioJogAAGprGpCtVImJhpPk/roCzdb3fIh61/s/nPsfR6onyMwkCAR/OlC3yBC0lESvUoQEAssIrw==}
    engines: {node: '>= 0.8'}

  destroy@1.2.0:
    resolution: {integrity: sha512-2sJGJTaXIIaR1w4iJSNoN0hnMY7Gpc/n8D4qSCJw8QqFWXf7cuAgnEHxBpweaVcPevC2l3KpjYCx3NypQQgaJg==}
    engines: {node: '>= 0.8', npm: 1.2.8000 || >= 1.4.16}

  dunder-proto@1.0.1:
    resolution: {integrity: sha512-KIN/nDJBQRcXw0MLVhZE9iQHmG68qAVIBg9CqmUYjmQIhgij9U5MFvrqkUL5FbtyyzZuOeOt0zdeRe4UY7ct+A==}
    engines: {node: '>= 0.4'}

  ee-first@1.1.1:
    resolution: {integrity: sha512-WMwm9LhRUo+WUaRN+vRuETqG89IgZphVSNkdFgeb6sS/E4OrDIN7t48CAewSHXc6C8lefD8KKfr5vY61brQlow==}

  encodeurl@2.0.0:
    resolution: {integrity: sha512-Q0n9HRi4m6JuGIV1eFlmvJB7ZEVxu93IrMyiMsGC0lrMJMWzRgx6WGquyfQgZVb31vhGgXnfmPNNXmxnOkRBrg==}
    engines: {node: '>= 0.8'}

  es-define-property@1.0.1:
    resolution: {integrity: sha512-e3nRfgfUZ4rNGL232gUgX06QNyyez04KdjFrF+LTRoOXmrOgFKDg4BCdsjW8EnT69eqdYGmRpJwiPVYNrCaW3g==}
    engines: {node: '>= 0.4'}

  es-errors@1.3.0:
    resolution: {integrity: sha512-Zf5H2Kxt2xjTvbJvP2ZWLEICxA6j+hAmMzIlypy4xcBg1vKVnx89Wy0GbS+kf5cwCVFFzdCFh2XSCFNULS6csw==}
    engines: {node: '>= 0.4'}

  es-object-atoms@1.1.2:
    resolution: {integrity: sha512-HWcBoN6NileqtSydK2FqHbS/LoDd2pqrnQHLyJzBj4kOp/ky2MWMN694xOfkK8/SnUsW2DH7EfyVlydKCsm1Zw==}
    engines: {node: '>= 0.4'}

  escape-html@1.0.3:
    resolution: {integrity: sha512-NiSupZ4OeuGwr68lGIeym/ksIZMJodUGOSCZ/FSnTxcrekbvqrgdUxlJOMpijaKZVjAJrWrGs/6Jy8OMuyj9ow==}

  etag@1.8.1:
    resolution: {integrity: sha512-aIL5Fx7mawVa300al2BnEE4iNvo1qETxLrPI/o05L7z6go7fCw1J6EQmbK4FmJ2AS7kgVF/KEZWufBfdClMcPg==}
    engines: {node: '>= 0.6'}

  express-rate-limit@8.6.1:
    resolution: {integrity: sha512-0D493aP61w0TJ2A0wy27riRsO7FMQ7FK+KUHOKCSfPvYo0R55aiC6emCVgFUeShH0fq0ICPVzNcgoS+BsbXQCA==}
    engines: {node: '>= 16'}
    peerDependencies:
      express: '>= 4.11'

  express@4.22.2:
    resolution: {integrity: sha512-IuL+Elrou2ZvCFHs18/CIzy2Nzvo25nZ1/D2eIZlz7c+QUayAcYoiM2BthCjs+EBHVpjYjcuLDAiCWgeIX3X1Q==}
    engines: {node: '>= 0.10.0'}

  express@5.2.1:
    resolution: {integrity: sha512-hIS4idWWai69NezIdRt2xFVofaF4j+6INOpJlVOLDO8zXGpUVEVzIYk12UUi2JzjEzWL3IOAxcTubgz9Po0yXw==}
    engines: {node: '>= 18'}

  finalhandler@1.3.2:
    resolution: {integrity: sha512-aA4RyPcd3badbdABGDuTXCMTtOneUCAYH/gxoYRTZlIJdF0YPWuGqiAsIrhNnnqdXGswYk6dGujem4w80UJFhg==}
    engines: {node: '>= 0.8'}

  finalhandler@2.1.1:
    resolution: {integrity: sha512-S8KoZgRZN+a5rNwqTxlZZePjT/4cnm0ROV70LedRHZ0p8u9fRID0hJUZQpkKLzro8LfmC8sx23bY6tVNxv8pQA==}
    engines: {node: '>= 18.0.0'}

  forwarded@0.2.0:
    resolution: {integrity: sha512-buRG0fpBtRHSTCOASe6hD258tEubFoRLb4ZNA6NxMVHNw2gOcwHo9wyablzMzOA5z9xA9L1KNjk/Nt6MT9aYow==}
    engines: {node: '>= 0.6'}

  fresh@0.5.2:
    resolution: {integrity: sha512-zJ2mQYM18rEFOudeV4GShTGIQ7RbzA7ozbU9I/XBpm7kqgMywgmylMwXHxZJmkVoYkna9d2pVXVXPdYTP9ej8Q==}
    engines: {node: '>= 0.6'}

  fresh@2.0.0:
    resolution: {integrity: sha512-Rx/WycZ60HOaqLKAi6cHRKKI7zxWbJ31MhntmtwMoaTeF7XFH9hhBp8vITaMidfljRQ6eYWCKkaTK+ykVJHP2A==}
    engines: {node: '>= 0.8'}

  function-bind@1.1.2:
    resolution: {integrity: sha512-7XHNxH7qX9xG5mIwxkhumTox/MIRNcOgDrxWsMt2pAr23WHp6MrRlN7FBSFpCpr+oVO0F744iUgR82nJMfG2SA==}

  get-intrinsic@1.3.0:
    resolution: {integrity: sha512-9fSjSaos/fRIVIp+xSJlE6lfwhES7LNtKaCBIamHsjr2na1BiABJPo0mOjjz8GJDURarmCPGqaiVg5mfjb98CQ==}
    engines: {node: '>= 0.4'}

  get-proto@1.0.1:
    resolution: {integrity: sha512-sTSfBjoXBp89JvIKIefqw7U2CCebsc74kiY6awiGogKtoSGbgjYE/G/+l9sF3MWFPNc9IcoOC4ODfKHfxFmp0g==}
    engines: {node: '>= 0.4'}

  gopd@1.2.0:
    resolution: {integrity: sha512-ZUKRh6/kUFoAiTAtTYPZJ3hw9wNxx+BIBOijnlG9PnrJsCcSjs1wyyD6vJpaYtgnzDrKYRSqf3OO6Rfa93xsRg==}
    engines: {node: '>= 0.4'}

  has-symbols@1.1.0:
    resolution: {integrity: sha512-1cDNdwJ2Jaohmb3sg4OmKaMBwuC48sYni5HUw2DvsC8LjGTLK9h+eb1X6RyuOHe4hT0ULCW68iomhjUoKUqlPQ==}
    engines: {node: '>= 0.4'}

  hasown@2.0.4:
    resolution: {integrity: sha512-T2UbfbBEF32wiepXIsMlTW9+dDYC6wMh/t/vYA4tuOMKqWz/n3vr1NFSxQiyP+zk2mXsoMA/i/7qV6LKut1t1A==}
    engines: {node: '>= 0.4'}

  http-errors@2.0.1:
    resolution: {integrity: sha512-4FbRdAX+bSdmo4AUFuS0WNiPz8NgFt+r8ThgNWmlrjQjt1Q7ZR9+zTlce2859x4KSXrwIsaeTqDoKQmtP8pLmQ==}
    engines: {node: '>= 0.8'}

  iconv-lite@0.4.24:
    resolution: {integrity: sha512-v3MXnZAcvnywkTUEZomIActle7RXXeedOR31wwl7VlyoXO4Qi9arvSenNQWne1TcRwhCL1HwLI21bEqdpj8/rA==}
    engines: {node: '>=0.10.0'}

  iconv-lite@0.7.3:
    resolution: {integrity: sha512-IKXpvIzjnC9XTAUbVBcMfGS0EPaIXtW6v+zr+RRp+hqULEpo0owZax6wyRwPOJbWbzjYspQwusTsfVr0ifh4uQ==}
    engines: {node: '>=0.10.0'}

  inherits@2.0.4:
    resolution: {integrity: sha512-k/vGaX4/Yla3WzyMCvTQOXYeIHvqOKtnqBduzTHpzpQZzAskKMhZ2K+EnBiSM9zGSoIFeMpXKxa4dYeZIQqewQ==}

  ip-address@10.4.0:
    resolution: {integrity: sha512-oSK96Grm3aP6OrS263xVxbNDGVL7rzBtYdpGqlDG8iQdoenDoTs/nkki+DflYbAEE8Xl6o5YxhxlrKvI3nqKXQ==}
    engines: {node: '>= 12'}

  ipaddr.js@1.9.1:
    resolution: {integrity: sha512-0KI/607xoxSToH7GjN1FfSbLoU0+btTicjsQSWQlh/hZykN8KpmMf7uYwPW3R+akZ6R/w18ZlXSHBYXiYUPO3g==}
    engines: {node: '>= 0.10'}

  is-promise@4.0.0:
    resolution: {integrity: sha512-hvpoI6korhJMnej285dSg6nu1+e6uxs7zG3BYAm5byqDsgJNWwxzM6z6iZiAgQR4TJ30JmBTOwqZUw3WlyH3AQ==}

  lru-cache@11.5.2:
    resolution: {integrity: sha512-4pfM1Ff0x50o0tQwb5ucw/RzNyD0/YJME6IVcStalZuMWxdt3sR3huStTtxz4PUmvZfRguvDejasvQ2kifR11g==}
    engines: {node: 20 || >=22}

  mariadb@3.5.3:
    resolution: {integrity: sha512-i053Kc0MgdUv/hu9mCyq67TYfPXFj3/MV8I7ZW5wvJNixIyXC0VztMPUjIVj/449nQo+BsxFD4Fdk/sA/uqKPQ==}
    engines: {node: '>= 20.0.0'}

  math-intrinsics@1.1.0:
    resolution: {integrity: sha512-/IXtbwEk5HTPyEwyKX6hGkYXxM9nbj64B+ilVJnC/R6B0pH5G4V3b0pVbL7DBj4tkhBAppbQUlf6F6Xl9LHu1g==}
    engines: {node: '>= 0.4'}

  media-typer@0.3.0:
    resolution: {integrity: sha512-dq+qelQ9akHpcOl/gUVRTxVIOkAJ1wR3QAvb4RsVjS8oVoFjDGTc679wJYmUmknUF5HwMLOgb5O+a3KxfWapPQ==}
    engines: {node: '>= 0.6'}

  media-typer@1.1.1:
    resolution: {integrity: sha512-yz3xRaG20c6/BOzvYoDaGtPmGscs7YivItZEEqe6GbwNfHuxu9YNmvnEkMzKldAGY4/80pRcQRZSEnhquk9XuQ==}
    engines: {node: '>= 0.8'}

  merge-descriptors@1.0.3:
    resolution: {integrity: sha512-gaNvAS7TZ897/rVaZ0nMtAyxNyi/pdbjbAwUpFQpN70GqnVfOiXpeUUMKRBmzXaSQ8DdTX4/0ms62r2K+hE6mQ==}

  merge-descriptors@2.0.0:
    resolution: {integrity: sha512-Snk314V5ayFLhp3fkUREub6WtjBfPdCPY1Ln8/8munuLuiYhsABgBVWsozAG+MWMbVEvcdcpbi9R7ww22l9Q3g==}
    engines: {node: '>=18'}

  methods@1.1.2:
    resolution: {integrity: sha512-iclAHeNqNm68zFtnZ0e+1L2yUIdvzNoauKU4WBA3VvH/vPFieF7qfRlwUZU+DA9P9bPXIS90ulxoUoCH23sV2w==}
    engines: {node: '>= 0.6'}

  mime-db@1.52.0:
    resolution: {integrity: sha512-sPU4uV7dYlvtWJxwwxHD0PuihVNiE7TyAbQ5SWxDCB9mUYvOgroQOwYQQOKPJ8CIbE+1ETVlOoK1UC2nU3gYvg==}
    engines: {node: '>= 0.6'}

  mime-db@1.54.0:
    resolution: {integrity: sha512-aU5EJuIN2WDemCcAp2vFBfp/m4EAhWJnUNSSw0ixs7/kXbd6Pg64EmwJkNdFhB8aWt1sH2CTXrLxo/iAGV3oPQ==}
    engines: {node: '>= 0.6'}

  mime-types@2.1.35:
    resolution: {integrity: sha512-ZDY+bPm5zTTF+YpCrAU9nK0UgICYPT0QtT1NZWFv4s++TNkcgVaT0g6+4R2uI4MjQjzysHB1zxuWL50hzaeXiw==}
    engines: {node: '>= 0.6'}

  mime-types@3.0.2:
    resolution: {integrity: sha512-Lbgzdk0h4juoQ9fCKXW4by0UJqj+nOOrI9MJ1sSj4nI8aI2eo1qmvQEie4VD1glsS250n15LsWsYtCugiStS5A==}
    engines: {node: '>=18'}

  mime@1.6.0:
    resolution: {integrity: sha512-x0Vn8spI+wuJ1O6S7gnbaQg8Pxh4NNHb7KSINmEWKiPE4RKOplvijn+NkmYmmRgP68mc70j2EbeTFRsrswaQeg==}
    engines: {node: '>=4'}
    hasBin: true

  ms@2.0.0:
    resolution: {integrity: sha512-Tpp60P6IUJDTuOq/5Z8cdskzJujfwqfOTkrwIwj7IRISpnkJnT6SyJ4PCPnGMoFjC9ddhal5KVIYtAt97ix05A==}

  ms@2.1.3:
    resolution: {integrity: sha512-6FlzubTLZG3J2a/NVCAleEhjzq5oxgHyaCU9yYXvcLsvoVaHJq/s5xXI6/XXP6tz7R9xAOtHnSO/tXtF3WRTlA==}

  negotiator@0.6.3:
    resolution: {integrity: sha512-+EUsqGPLsM+j/zdChZjsnX51g4XrHFOIXwfnCVPGlQk/k5giakcKsuxCObBRu6DSm9opw/O6slWbJdghQM4bBg==}
    engines: {node: '>= 0.6'}

  negotiator@1.0.0:
    resolution: {integrity: sha512-8Ofs/AUQh8MaEcrlq5xOX0CQ9ypTF5dl78mjlMNfOK08fzpgTHQRQPBxcPlEtIw0yRpws+Zo/3r+5WRby7u3Gg==}
    engines: {node: '>= 0.6'}

  object-inspect@1.13.4:
    resolution: {integrity: sha512-W67iLl4J2EXEGTbfeHCffrjDfitvLANg0UlX3wFUUSTx92KXRFegMHUVgSqE+wvhAbi4WqjGg9czysTV2Epbew==}
    engines: {node: '>= 0.4'}

  on-finished@2.4.1:
    resolution: {integrity: sha512-oVlzkg3ENAhCk2zdv7IJwd/QUD4z2RxRwpkcGY8psCVcCYZNq4wYnVWALHM+brtuJjePWiYF/ClmuDr8Ch5+kg==}
    engines: {node: '>= 0.8'}

  once@1.4.0:
    resolution: {integrity: sha512-lNaJgI+2Q5URQBkccEKHTQOPaXdUxnZZElQTZY0MFUAuaEqe1E+Nyvgdz/aIyNi6Z9MzO5dv1H8n58/GELp3+w==}

  oxlint-tsgolint@7.0.2001:
    resolution: {integrity: sha512-KjK/XLcXr1DSyonKhsuFqJRiuKqcyG9j3LJ8nkOsrLzGvodBPqzHOKauy10asLMDI0sUpvb+1sxlzff3udZvfg==}
    hasBin: true

  oxlint@1.76.0:
    resolution: {integrity: sha512-6QoFioEU4fNdiUx/2Eo6TRd6NG7H7njnRCz8rhB66cZmMHDTqcm1Rjvl8Wry+ZTQMBAmyb4Mlf62Mk5X+eHSOw==}
    engines: {node: ^20.19.0 || >=22.12.0}
    hasBin: true
    peerDependencies:
      oxlint-tsgolint: '>=7.0.2001'
      vite-plus: '*'
    peerDependenciesMeta:
      oxlint-tsgolint:
        optional: true
      vite-plus:
        optional: true

  parseurl@1.3.3:
    resolution: {integrity: sha512-CiyeOxFT/JZyN5m0z9PfXw4SCBJ6Sygz1Dpl0wqjlhDEGGBP1GnsUVEL0p63hoG1fcj3fHynXi9NYO4nWOL+qQ==}
    engines: {node: '>= 0.8'}

  path-to-regexp@0.1.13:
    resolution: {integrity: sha512-A/AGNMFN3c8bOlvV9RreMdrv7jsmF9XIfDeCd87+I8RNg6s78BhJxMu69NEMHBSJFxKidViTEdruRwEk/WIKqA==}

  path-to-regexp@8.4.2:
    resolution: {integrity: sha512-qRcuIdP69NPm4qbACK+aDogI5CBDMi1jKe0ry5rSQJz8JVLsC7jV8XpiJjGRLLol3N+R5ihGYcrPLTno6pAdBA==}

  proxy-addr@2.0.7:
    resolution: {integrity: sha512-llQsMLSUDUPT44jdrU/O37qlnifitDP+ZwrmmZcoSKyLKvtZxpyV0n2/bD/N4tBAAZ/gJEdZU7KMraoK1+XYAg==}
    engines: {node: '>= 0.10'}

  qs@6.15.3:
    resolution: {integrity: sha512-O9gl3zCl5h5blw1KGUzQKhA5oUXSl8rwUIM5o0S3nCXMliSvy5Dzx7/DJcI+SwgICv+IneSZwhBh1oSyEHA71A==}
    engines: {node: '>=0.6'}

  range-parser@1.2.1:
    resolution: {integrity: sha512-Hrgsx+orqoygnmhFbKaHE6c296J+HTAQXoxEF6gNupROmmGJRoyzfG3ccAveqCBrwr/2yxQ5BVd/GTl5agOwSg==}
    engines: {node: '>= 0.6'}

  range-parser@1.3.0:
    resolution: {integrity: sha512-hek2mFQpPuI4E1BBKrSto+BU3e3x4xuarsbiwr3+lf7p44juvFMV0XFWQAP3xUyqXA4RrXLIoaSUGbSt056ZMw==}
    engines: {node: '>= 0.6'}

  raw-body@2.5.3:
    resolution: {integrity: sha512-s4VSOf6yN0rvbRZGxs8Om5CWj6seneMwK3oDb4lWDH0UPhWcxwOWw5+qk24bxq87szX1ydrwylIOp2uG1ojUpA==}
    engines: {node: '>= 0.8'}

  raw-body@3.0.2:
    resolution: {integrity: sha512-K5zQjDllxWkf7Z5xJdV0/B0WTNqx6vxG70zJE4N0kBs4LovmEYWJzQGxC9bS9RAKu3bgM40lrd5zoLJ12MQ5BA==}
    engines: {node: '>= 0.10'}

  router@2.2.0:
    resolution: {integrity: sha512-nLTrUKm2UyiL7rlhapu/Zl45FwNgkZGaCpZbIHajDYgwlJCOzLSk+cIPAnsEqV955GjILJnKbdQC1nVPz+gAYQ==}
    engines: {node: '>= 18'}

  safe-buffer@5.2.1:
    resolution: {integrity: sha512-rp3So07KcdmmKbGvgaNxQSJr7bGVSVk5S9Eq1F+ppbRo70+YeaDxkw5Dd8NPN+GD6bjnYm2VuPuCXmpuYvmCXQ==}

  safer-buffer@2.1.2:
    resolution: {integrity: sha512-YZo3K82SD7Riyi0E1EQPojLz7kpepnSQI9IyPbHHg1XXXevb5dJI7tpyN2ADxGcQbHG7vcyRHk0cbwqcQriUtg==}

  send@0.19.2:
    resolution: {integrity: sha512-VMbMxbDeehAxpOtWJXlcUS5E8iXh6QmN+BkRX1GARS3wRaXEEgzCcB10gTQazO42tpNIya8xIyNx8fll1OFPrg==}
    engines: {node: '>= 0.8.0'}

  send@1.2.1:
    resolution: {integrity: sha512-1gnZf7DFcoIcajTjTwjwuDjzuz4PPcY2StKPlsGAQ1+YH20IRVrBaXSWmdjowTJ6u8Rc01PoYOGHXfP1mYcZNQ==}
    engines: {node: '>= 18'}

  serve-static@1.16.3:
    resolution: {integrity: sha512-x0RTqQel6g5SY7Lg6ZreMmsOzncHFU7nhnRWkKgWuMTu5NN0DR5oruckMqRvacAN9d5w6ARnRBXl9xhDCgfMeA==}
    engines: {node: '>= 0.8.0'}

  serve-static@2.2.1:
    resolution: {integrity: sha512-xRXBn0pPqQTVQiC8wyQrKs2MOlX24zQ0POGaj0kultvoOCstBQM5yvOhAVSUwOMjQtTvsPWoNCHfPGwaaQJhTw==}
    engines: {node: '>= 18'}

  setprototypeof@1.2.0:
    resolution: {integrity: sha512-E5LDX7Wrp85Kil5bhZv46j8jOeboKq5JMmYM3gVGdGH8xFpPWXUMsNrlODCrkoxMEeNi/XZIwuRvY4XNwYMJpw==}

  side-channel-list@1.0.1:
    resolution: {integrity: sha512-mjn/0bi/oUURjc5Xl7IaWi/OJJJumuoJFQJfDDyO46+hBWsfaVM65TBHq2eoZBhzl9EchxOijpkbRC8SVBQU0w==}
    engines: {node: '>= 0.4'}

  side-channel-map@1.0.1:
    resolution: {integrity: sha512-VCjCNfgMsby3tTdo02nbjtM/ewra6jPHmpThenkTYh8pG9ucZ/1P8So4u4FGBek/BjpOVsDCMoLA/iuBKIFXRA==}
    engines: {node: '>= 0.4'}

  side-channel-weakmap@1.0.2:
    resolution: {integrity: sha512-WPS/HvHQTYnHisLo9McqBHOJk2FkHO/tlpvldyrnem4aeQp4hai3gythswg6p01oSoTl58rcpiFAjF2br2Ak2A==}
    engines: {node: '>= 0.4'}

  side-channel@1.1.1:
    resolution: {integrity: sha512-6x6dK6zJdpTzF4sQeNYxwtvBzf6Eg4GtlesS94HOvTudUeyK2WXAaIfmDgsyslYrRBeFIlsi54AYsFGUuhmvrQ==}
    engines: {node: '>= 0.4'}

  statuses@2.0.2:
    resolution: {integrity: sha512-DvEy55V3DB7uknRo+4iOGT5fP1slR8wQohVdknigZPMpMstaKJQWhwiYBACJE3Ul2pTnATihhBYnRhZQHGBiRw==}
    engines: {node: '>= 0.8'}

  toidentifier@1.0.1:
    resolution: {integrity: sha512-o5sSPKEkg/DIQNmH43V0/uerLrpzVedkUh8tGNvaeXpfpuwjKenlSox/2O/BTlZUtEe+JG7s5YhEz608PlAHRA==}
    engines: {node: '>=0.6'}

  type-is@1.6.18:
    resolution: {integrity: sha512-TkRKr9sUTxEH8MdfuCSP7VizJyzRNMjj2J2do2Jr3Kym598JVdEksuzPQCnlFPW4ky9Q+iA+ma9BGm06XQBy8g==}
    engines: {node: '>= 0.6'}

  type-is@2.1.0:
    resolution: {integrity: sha512-faYHw0anBbc/kWF3zFTEnxSFOAGUX9GFbOBthvDdLsIlEoWOFOtS0zgCiQYwIskL9iGXZL3kAXD8OoZ4GmMATA==}
    engines: {node: '>= 18'}

  typescript@6.0.3:
    resolution: {integrity: sha512-y2TvuxSZPDyQakkFRPZHKFm+KKVqIisdg9/CZwm9ftvKXLP8NRWj38/ODjNbr43SsoXqNuAisEf1GdCxqWcdBw==}
    engines: {node: '>=14.17'}
    hasBin: true

  undici-types@8.3.0:
    resolution: {integrity: sha512-j375ScV60dom+YkPFIfTLcOiPxkN/buHz5GobjLhixFuANaNs3C9l4GmrWqejgXWJ7BbJcFYpTEUkS1Ge8bpZQ==}

  unpipe@1.0.0:
    resolution: {integrity: sha512-pjy2bYhSsufwWlKwPc+l3cN7+wuJlK6uz0YdJEOlQDbl6jo/YlPi4mb8agUkVC8BF7V8NuzeyPNqRksA3hztKQ==}
    engines: {node: '>= 0.8'}

  utils-merge@1.0.1:
    resolution: {integrity: sha512-pMZTvIkT1d+TFGvDOqodOclx0QWkkgi6Tdoa8gC8ffGAAqz9pzPTZWAybbsHHoED/ztMtkv/VoYTYyShUn81hA==}
    engines: {node: '>= 0.4.0'}

  vary@1.1.2:
    resolution: {integrity: sha512-BNGbWLfd0eUPabhkXUVm0j8uuvREyTh5ovRa/dyow/BqAbZJyC+5fU+IzQOzmAKzYqYRAISoRhdQr3eIZ/PXqg==}
    engines: {node: '>= 0.8'}

  wrappy@1.0.2:
    resolution: {integrity: sha512-l4Sp/DRseor9wL6EvV2+TuQn63dMkPjZ/sp9XkghTEbV9KlPS1xUsZ3u7/IQO4wxtcFB4bgpQPRcR3QCvezPcQ==}

  ws@8.21.1:
    resolution: {integrity: sha512-+0NTnW77fFN/DjQi6k/Sq/Yvk4Sgajw7urW8V+asjXnRgDs9gyGkdb7EzgfhA4goXsRIZKE28fzIXBHEzhuiWw==}
    engines: {node: '>=10.0.0'}
    peerDependencies:
      bufferutil: ^4.0.1
      utf-8-validate: '>=5.0.2'
    peerDependenciesMeta:
      bufferutil:
        optional: true
      utf-8-validate:
        optional: true

snapshots:

  '@oxlint-tsgolint/darwin-arm64@7.0.2001':
    optional: true

  '@oxlint-tsgolint/darwin-x64@7.0.2001':
    optional: true

  '@oxlint-tsgolint/linux-arm64@7.0.2001':
    optional: true

  '@oxlint-tsgolint/linux-x64@7.0.2001':
    optional: true

  '@oxlint-tsgolint/win32-arm64@7.0.2001':
    optional: true

  '@oxlint-tsgolint/win32-x64@7.0.2001':
    optional: true

  '@oxlint/binding-android-arm-eabi@1.76.0':
    optional: true

  '@oxlint/binding-android-arm64@1.76.0':
    optional: true

  '@oxlint/binding-darwin-arm64@1.76.0':
    optional: true

  '@oxlint/binding-darwin-x64@1.76.0':
    optional: true

  '@oxlint/binding-freebsd-x64@1.76.0':
    optional: true

  '@oxlint/binding-linux-arm-gnueabihf@1.76.0':
    optional: true

  '@oxlint/binding-linux-arm-musleabihf@1.76.0':
    optional: true

  '@oxlint/binding-linux-arm64-gnu@1.76.0':
    optional: true

  '@oxlint/binding-linux-arm64-musl@1.76.0':
    optional: true

  '@oxlint/binding-linux-ppc64-gnu@1.76.0':
    optional: true

  '@oxlint/binding-linux-riscv64-gnu@1.76.0':
    optional: true

  '@oxlint/binding-linux-riscv64-musl@1.76.0':
    optional: true

  '@oxlint/binding-linux-s390x-gnu@1.76.0':
    optional: true

  '@oxlint/binding-linux-x64-gnu@1.76.0':
    optional: true

  '@oxlint/binding-linux-x64-musl@1.76.0':
    optional: true

  '@oxlint/binding-openharmony-arm64@1.76.0':
    optional: true

  '@oxlint/binding-win32-arm64-msvc@1.76.0':
    optional: true

  '@oxlint/binding-win32-ia32-msvc@1.76.0':
    optional: true

  '@oxlint/binding-win32-x64-msvc@1.76.0':
    optional: true

  '@types/body-parser@1.19.6':
    dependencies:
      '@types/connect': 3.4.38
      '@types/node': 26.1.2

  '@types/connect@3.4.38':
    dependencies:
      '@types/node': 26.1.2

  '@types/cookie-parser@1.4.10(@types/express@5.0.6)':
    dependencies:
      '@types/express': 5.0.6

  '@types/express-serve-static-core@5.1.3':
    dependencies:
      '@types/node': 26.1.2
      '@types/qs': 6.15.1
      '@types/range-parser': 1.2.7
      '@types/send': 1.2.1

  '@types/express@5.0.6':
    dependencies:
      '@types/body-parser': 1.19.6
      '@types/express-serve-static-core': 5.1.3
      '@types/serve-static': 2.2.0

  '@types/geojson@7946.0.16': {}

  '@types/http-errors@2.0.5': {}

  '@types/node@26.1.2':
    dependencies:
      undici-types: 8.3.0

  '@types/qs@6.15.1': {}

  '@types/range-parser@1.2.7': {}

  '@types/send@1.2.1':
    dependencies:
      '@types/node': 26.1.2

  '@types/serve-static@2.2.0':
    dependencies:
      '@types/http-errors': 2.0.5
      '@types/node': 26.1.2

  '@types/ws@8.18.1':
    dependencies:
      '@types/node': 26.1.2

  accepts@1.3.8:
    dependencies:
      mime-types: 2.1.35
      negotiator: 0.6.3

  accepts@2.0.0:
    dependencies:
      mime-types: 3.0.2
      negotiator: 1.0.0

  amberbase@0.1.0-beta.1:
    dependencies:
      cookie-parser: 1.4.7
      express: 4.22.2
      mariadb: 3.5.3
      ws: 8.21.1
    transitivePeerDependencies:
      - bufferutil
      - supports-color
      - utf-8-validate

  array-flatten@1.1.1: {}

  body-parser@1.20.6:
    dependencies:
      bytes: 3.1.2
      content-type: 1.0.5
      debug: 2.6.9
      depd: 2.0.0
      destroy: 1.2.0
      http-errors: 2.0.1
      iconv-lite: 0.4.24
      on-finished: 2.4.1
      qs: 6.15.3
      raw-body: 2.5.3
      type-is: 1.6.18
      unpipe: 1.0.0
    transitivePeerDependencies:
      - supports-color

  body-parser@2.3.0:
    dependencies:
      bytes: 3.1.2
      content-type: 2.0.0
      debug: 4.4.3
      http-errors: 2.0.1
      iconv-lite: 0.7.3
      on-finished: 2.4.1
      qs: 6.15.3
      raw-body: 3.0.2
      type-is: 2.1.0
    transitivePeerDependencies:
      - supports-color

  bytes@3.1.2: {}

  call-bind-apply-helpers@1.0.2:
    dependencies:
      es-errors: 1.3.0
      function-bind: 1.1.2

  call-bound@1.0.4:
    dependencies:
      call-bind-apply-helpers: 1.0.2
      get-intrinsic: 1.3.0

  content-disposition@0.5.4:
    dependencies:
      safe-buffer: 5.2.1

  content-disposition@1.1.0: {}

  content-type@1.0.5: {}

  content-type@2.0.0: {}

  cookie-parser@1.4.7:
    dependencies:
      cookie: 0.7.2
      cookie-signature: 1.0.6

  cookie-signature@1.0.6: {}

  cookie-signature@1.0.7: {}

  cookie-signature@1.2.2: {}

  cookie@0.7.2: {}

  debug@2.6.9:
    dependencies:
      ms: 2.0.0

  debug@4.4.3:
    dependencies:
      ms: 2.1.3

  denque@2.1.0: {}

  depd@2.0.0: {}

  destroy@1.2.0: {}

  dunder-proto@1.0.1:
    dependencies:
      call-bind-apply-helpers: 1.0.2
      es-errors: 1.3.0
      gopd: 1.2.0

  ee-first@1.1.1: {}

  encodeurl@2.0.0: {}

  es-define-property@1.0.1: {}

  es-errors@1.3.0: {}

  es-object-atoms@1.1.2:
    dependencies:
      es-errors: 1.3.0

  escape-html@1.0.3: {}

  etag@1.8.1: {}

  express-rate-limit@8.6.1(express@5.2.1):
    dependencies:
      debug: 4.4.3
      express: 5.2.1
      ip-address: 10.4.0
    transitivePeerDependencies:
      - supports-color

  express@4.22.2:
    dependencies:
      accepts: 1.3.8
      array-flatten: 1.1.1
      body-parser: 1.20.6
      content-disposition: 0.5.4
      content-type: 1.0.5
      cookie: 0.7.2
      cookie-signature: 1.0.7
      debug: 2.6.9
      depd: 2.0.0
      encodeurl: 2.0.0
      escape-html: 1.0.3
      etag: 1.8.1
      finalhandler: 1.3.2
      fresh: 0.5.2
      http-errors: 2.0.1
      merge-descriptors: 1.0.3
      methods: 1.1.2
      on-finished: 2.4.1
      parseurl: 1.3.3
      path-to-regexp: 0.1.13
      proxy-addr: 2.0.7
      qs: 6.15.3
      range-parser: 1.2.1
      safe-buffer: 5.2.1
      send: 0.19.2
      serve-static: 1.16.3
      setprototypeof: 1.2.0
      statuses: 2.0.2
      type-is: 1.6.18
      utils-merge: 1.0.1
      vary: 1.1.2
    transitivePeerDependencies:
      - supports-color

  express@5.2.1:
    dependencies:
      accepts: 2.0.0
      body-parser: 2.3.0
      content-disposition: 1.1.0
      content-type: 1.0.5
      cookie: 0.7.2
      cookie-signature: 1.2.2
      debug: 4.4.3
      depd: 2.0.0
      encodeurl: 2.0.0
      escape-html: 1.0.3
      etag: 1.8.1
      finalhandler: 2.1.1
      fresh: 2.0.0
      http-errors: 2.0.1
      merge-descriptors: 2.0.0
      mime-types: 3.0.2
      on-finished: 2.4.1
      once: 1.4.0
      parseurl: 1.3.3
      proxy-addr: 2.0.7
      qs: 6.15.3
      range-parser: 1.3.0
      router: 2.2.0
      send: 1.2.1
      serve-static: 2.2.1
      statuses: 2.0.2
      type-is: 2.1.0
      vary: 1.1.2
    transitivePeerDependencies:
      - supports-color

  finalhandler@1.3.2:
    dependencies:
      debug: 2.6.9
      encodeurl: 2.0.0
      escape-html: 1.0.3
      on-finished: 2.4.1
      parseurl: 1.3.3
      statuses: 2.0.2
      unpipe: 1.0.0
    transitivePeerDependencies:
      - supports-color

  finalhandler@2.1.1:
    dependencies:
      debug: 4.4.3
      encodeurl: 2.0.0
      escape-html: 1.0.3
      on-finished: 2.4.1
      parseurl: 1.3.3
      statuses: 2.0.2
    transitivePeerDependencies:
      - supports-color

  forwarded@0.2.0: {}

  fresh@0.5.2: {}

  fresh@2.0.0: {}

  function-bind@1.1.2: {}

  get-intrinsic@1.3.0:
    dependencies:
      call-bind-apply-helpers: 1.0.2
      es-define-property: 1.0.1
      es-errors: 1.3.0
      es-object-atoms: 1.1.2
      function-bind: 1.1.2
      get-proto: 1.0.1
      gopd: 1.2.0
      has-symbols: 1.1.0
      hasown: 2.0.4
      math-intrinsics: 1.1.0

  get-proto@1.0.1:
    dependencies:
      dunder-proto: 1.0.1
      es-object-atoms: 1.1.2

  gopd@1.2.0: {}

  has-symbols@1.1.0: {}

  hasown@2.0.4:
    dependencies:
      function-bind: 1.1.2

  http-errors@2.0.1:
    dependencies:
      depd: 2.0.0
      inherits: 2.0.4
      setprototypeof: 1.2.0
      statuses: 2.0.2
      toidentifier: 1.0.1

  iconv-lite@0.4.24:
    dependencies:
      safer-buffer: 2.1.2

  iconv-lite@0.7.3:
    dependencies:
      safer-buffer: 2.1.2

  inherits@2.0.4: {}

  ip-address@10.4.0: {}

  ipaddr.js@1.9.1: {}

  is-promise@4.0.0: {}

  lru-cache@11.5.2: {}

  mariadb@3.5.3:
    dependencies:
      '@types/geojson': 7946.0.16
      '@types/node': 26.1.2
      denque: 2.1.0
      iconv-lite: 0.7.3
      lru-cache: 11.5.2

  math-intrinsics@1.1.0: {}

  media-typer@0.3.0: {}

  media-typer@1.1.1: {}

  merge-descriptors@1.0.3: {}

  merge-descriptors@2.0.0: {}

  methods@1.1.2: {}

  mime-db@1.52.0: {}

  mime-db@1.54.0: {}

  mime-types@2.1.35:
    dependencies:
      mime-db: 1.52.0

  mime-types@3.0.2:
    dependencies:
      mime-db: 1.54.0

  mime@1.6.0: {}

  ms@2.0.0: {}

  ms@2.1.3: {}

  negotiator@0.6.3: {}

  negotiator@1.0.0: {}

  object-inspect@1.13.4: {}

  on-finished@2.4.1:
    dependencies:
      ee-first: 1.1.1

  once@1.4.0:
    dependencies:
      wrappy: 1.0.2

  oxlint-tsgolint@7.0.2001:
    optionalDependencies:
      '@oxlint-tsgolint/darwin-arm64': 7.0.2001
      '@oxlint-tsgolint/darwin-x64': 7.0.2001
      '@oxlint-tsgolint/linux-arm64': 7.0.2001
      '@oxlint-tsgolint/linux-x64': 7.0.2001
      '@oxlint-tsgolint/win32-arm64': 7.0.2001
      '@oxlint-tsgolint/win32-x64': 7.0.2001

  oxlint@1.76.0(oxlint-tsgolint@7.0.2001):
    optionalDependencies:
      '@oxlint/binding-android-arm-eabi': 1.76.0
      '@oxlint/binding-android-arm64': 1.76.0
      '@oxlint/binding-darwin-arm64': 1.76.0
      '@oxlint/binding-darwin-x64': 1.76.0
      '@oxlint/binding-freebsd-x64': 1.76.0
      '@oxlint/binding-linux-arm-gnueabihf': 1.76.0
      '@oxlint/binding-linux-arm-musleabihf': 1.76.0
      '@oxlint/binding-linux-arm64-gnu': 1.76.0
      '@oxlint/binding-linux-arm64-musl': 1.76.0
      '@oxlint/binding-linux-ppc64-gnu': 1.76.0
      '@oxlint/binding-linux-riscv64-gnu': 1.76.0
      '@oxlint/binding-linux-riscv64-musl': 1.76.0
      '@oxlint/binding-linux-s390x-gnu': 1.76.0
      '@oxlint/binding-linux-x64-gnu': 1.76.0
      '@oxlint/binding-linux-x64-musl': 1.76.0
      '@oxlint/binding-openharmony-arm64': 1.76.0
      '@oxlint/binding-win32-arm64-msvc': 1.76.0
      '@oxlint/binding-win32-ia32-msvc': 1.76.0
      '@oxlint/binding-win32-x64-msvc': 1.76.0
      oxlint-tsgolint: 7.0.2001

  parseurl@1.3.3: {}

  path-to-regexp@0.1.13: {}

  path-to-regexp@8.4.2: {}

  proxy-addr@2.0.7:
    dependencies:
      forwarded: 0.2.0
      ipaddr.js: 1.9.1

  qs@6.15.3:
    dependencies:
      es-define-property: 1.0.1
      side-channel: 1.1.1

  range-parser@1.2.1: {}

  range-parser@1.3.0: {}

  raw-body@2.5.3:
    dependencies:
      bytes: 3.1.2
      http-errors: 2.0.1
      iconv-lite: 0.4.24
      unpipe: 1.0.0

  raw-body@3.0.2:
    dependencies:
      bytes: 3.1.2
      http-errors: 2.0.1
      iconv-lite: 0.7.3
      unpipe: 1.0.0

  router@2.2.0:
    dependencies:
      debug: 4.4.3
      depd: 2.0.0
      is-promise: 4.0.0
      parseurl: 1.3.3
      path-to-regexp: 8.4.2
    transitivePeerDependencies:
      - supports-color

  safe-buffer@5.2.1: {}

  safer-buffer@2.1.2: {}

  send@0.19.2:
    dependencies:
      debug: 2.6.9
      depd: 2.0.0
      destroy: 1.2.0
      encodeurl: 2.0.0
      escape-html: 1.0.3
      etag: 1.8.1
      fresh: 0.5.2
      http-errors: 2.0.1
      mime: 1.6.0
      ms: 2.1.3
      on-finished: 2.4.1
      range-parser: 1.2.1
      statuses: 2.0.2
    transitivePeerDependencies:
      - supports-color

  send@1.2.1:
    dependencies:
      debug: 4.4.3
      encodeurl: 2.0.0
      escape-html: 1.0.3
      etag: 1.8.1
      fresh: 2.0.0
      http-errors: 2.0.1
      mime-types: 3.0.2
      ms: 2.1.3
      on-finished: 2.4.1
      range-parser: 1.3.0
      statuses: 2.0.2
    transitivePeerDependencies:
      - supports-color

  serve-static@1.16.3:
    dependencies:
      encodeurl: 2.0.0
      escape-html: 1.0.3
      parseurl: 1.3.3
      send: 0.19.2
    transitivePeerDependencies:
      - supports-color

  serve-static@2.2.1:
    dependencies:
      encodeurl: 2.0.0
      escape-html: 1.0.3
      parseurl: 1.3.3
      send: 1.2.1
    transitivePeerDependencies:
      - supports-color

  setprototypeof@1.2.0: {}

  side-channel-list@1.0.1:
    dependencies:
      es-errors: 1.3.0
      object-inspect: 1.13.4

  side-channel-map@1.0.1:
    dependencies:
      call-bound: 1.0.4
      es-errors: 1.3.0
      get-intrinsic: 1.3.0
      object-inspect: 1.13.4

  side-channel-weakmap@1.0.2:
    dependencies:
      call-bound: 1.0.4
      es-errors: 1.3.0
      get-intrinsic: 1.3.0
      object-inspect: 1.13.4
      side-channel-map: 1.0.1

  side-channel@1.1.1:
    dependencies:
      es-errors: 1.3.0
      object-inspect: 1.13.4
      side-channel-list: 1.0.1
      side-channel-map: 1.0.1
      side-channel-weakmap: 1.0.2

  statuses@2.0.2: {}

  toidentifier@1.0.1: {}

  type-is@1.6.18:
    dependencies:
      media-typer: 0.3.0
      mime-types: 2.1.35

  type-is@2.1.0:
    dependencies:
      content-type: 2.0.0
      media-typer: 1.1.1
      mime-types: 3.0.2

  typescript@6.0.3: {}

  undici-types@8.3.0: {}

  unpipe@1.0.0: {}

  utils-merge@1.0.1: {}

  vary@1.1.2: {}

  wrappy@1.0.2: {}

  ws@8.21.1: {}
